// !$*UTF8*$!
{
	archiveVersion = 1;
	classes = {
	};
	objectVersion = 46;
	objects = {

/* Begin PBXBuildFile section */
		DD04E24B1C79660500D62587 /* AppDelegate.swift in Sources */ = {isa = PBXBuildFile; fileRef = DD04E24A1C79660500D62587 /* AppDelegate.swift */; };
		DD04E24D1C79660500D62587 /* ViewController.swift in Sources */ = {isa = PBXBuildFile; fileRef = DD04E24C1C79660500D62587 /* ViewController.swift */; };
		DD04E2501C79660500D62587 /* Main.storyboard in Resources */ = {isa = PBXBuildFile; fileRef = DD04E24E1C79660500D62587 /* Main.storyboard */; };
		DD04E2521C79660500D62587 /* Assets.xcassets in Resources */ = {isa = PBXBuildFile; fileRef = DD04E2511C79660500D62587 /* Assets.xcassets */; };
		DD04E2551C79660500D62587 /* LaunchScreen.storyboard in Resources */ = {isa = PBXBuildFile; fileRef = DD04E2531C79660500D62587 /* LaunchScreen.storyboard */; };
		DD04E2601C79660500D62587 /* assignment3Tests.swift in Sources */ = {isa = PBXBuildFile; fileRef = DD04E25F1C79660500D62587 /* assignment3Tests.swift */; };
		DD04E26B1C79660500D62587 /* assignment3UITests.swift in Sources */ = {isa = PBXBuildFile; fileRef = DD04E26A1C79660500D62587 /* assignment3UITests.swift */; };
/* End PBXBuildFile section */

/* Begin PBXContainerItemProxy section */
		DD04E25C1C79660500D62587 /* PBXContainerItemProxy */ = {
			isa = PBXContainerItemProxy;
			containerPortal = DD04E23F1C79660500D62587 /* Project object */;
			proxyType = 1;
			remoteGlobalIDString = DD04E2461C79660500D62587;
			remoteInfo = assignment3;
		};
		DD04E2671C79660500D62587 /* PBXContainerItemProxy */ = {
			isa = PBXContainerItemProxy;
			containerPortal = DD04E23F1C79660500D62587 /* Project object */;
			proxyType = 1;
			remoteGlobalIDString = DD04E2461C79660500D62587;
			remoteInfo = assignment3;
		};
/* End PBXContainerItemProxy section */

/* Begin PBXFileReference section */
		DD04E2471C79660500D62587 /* assignment3.app */ = {isa = PBXFileReference; explicitFileType = wrapper.application; includeInIndex = 0; path = assignment3.app; sourceTree = BUILT_PRODUCTS_DIR; };
		DD04E24A1C79660500D62587 /* AppDelegate.swift */ = {isa = PBXFileReference; lastKnownFileType = sourcecode.swift; path = AppDelegate.swift; sourceTree = "<group>"; };
		DD04E24C1C79660500D62587 /* ViewController.swift */ = {isa = PBXFileReference; lastKnownFileType = sourcecode.swift; path = ViewController.swift; sourceTree = "<group>"; };
		DD04E24F1C79660500D62587 /* Base */ = {isa = PBXFileReference; lastKnownFileType = file.storyboard; name = Base; path = Base.lproj/Main.storyboard; sourceTree = "<group>"; };
		DD04E2511C79660500D62587 /* Assets.xcassets */ = {isa = PBXFileReference; lastKnownFileType = folder.assetcatalog; path = Assets.xcassets; sourceTree = "<group>"; };
		DD04E2541C79660500D62587 /* Base */ = {isa = PBXFileReference; lastKnownFileType = file.storyboard; name = Base; path = Base.lproj/LaunchScreen.storyboard; sourceTree = "<group>"; };
		DD04E2561C79660500D62587 /* Info.plist */ = {isa = PBXFileReference; lastKnownFileType = text.plist.xml; path = Info.plist; sourceTree = "<group>"; };
		DD04E25B1C79660500D62587 /* assignment3Tests.xctest */ = {isa = PBXFileReference; explicitFileType = wrapper.cfbundle; includeInIndex = 0; path = assignment3Tests.xctest; sourceTree = BUILT_PRODUCTS_DIR; };
		DD04E25F1C79660500D62587 /* assignment3Tests.swift */ = {isa = PBXFileReference; lastKnownFileType = sourcecode.swift; path = assignment3Tests.swift; sourceTree = "<group>"; };
		DD04E2611C79660500D62587 /* Info.plist */ = {isa = PBXFileReference; lastKnownFileType = text.plist.xml; path = Info.plist; sourceTree = "<group>"; };
		DD04E2661C79660500D62587 /* assignment3UITests.xctest */ = {isa = PBXFileReference; explicitFileType = wrapper.cfbundle; includeInIndex = 0; path = assignment3UITests.xctest; sourceTree = BUILT_PRODUCTS_DIR; };
		DD04E26A1C79660500D62587 /* assignment3UITests.swift */ = {isa = PBXFileReference; lastKnownFileType = sourcecode.swift; path = assignment3UITests.swift; sourceTree = "<group>"; };
		DD04E26C1C79660500D62587 /* Info.plist */ = {isa = PBXFileReference; lastKnownFileType = text.plist.xml; path = Info.plist; sourceTree = "<group>"; };
/* End PBXFileReference section */

/* Begin PBXFrameworksBuildPhase section */
		DD04E2441C79660500D62587 /* Frameworks */ = {
			isa = PBXFrameworksBuildPhase;
			buildActionMask = 2147483647;
			files = (
			);
			runOnlyForDeploymentPostprocessing = 0;
		};
		DD04E2581C79660500D62587 /* Frameworks */ = {
			isa = PBXFrameworksBuildPhase;
			buildActionMask = 2147483647;
			files = (
			);
			runOnlyForDeploymentPostprocessing = 0;
		};
		DD04E2631C79660500D62587 /* Frameworks */ = {
			isa = PBXFrameworksBuildPhase;
			buildActionMask = 2147483647;
			files = (
			);
			runOnlyForDeploymentPostprocessing = 0;
		};
/* End PBXFrameworksBuildPhase section */

/* Begin PBXGroup section */
		DD04E23E1C79660500D62587 = {
			isa = PBXGroup;
			children = (
				DD04E2491C79660500D62587 /* assignment3 */,
				DD04E25E1C79660500D62587 /* assignment3Tests */,
				DD04E2691C79660500D62587 /* assignment3UITests */,
				DD04E2481C79660500D62587 /* Products */,
			);
			sourceTree = "<group>";
		};
		DD04E2481C79660500D62587 /* Products */ = {
			isa = PBXGroup;
			children = (
				DD04E2471C79660500D62587 /* assignment3.app */,
				DD04E25B1C79660500D62587 /* assignment3Tests.xctest */,
				DD04E2661C79660500D62587 /* assignment3UITests.xctest */,
			);
			name = Products;
			sourceTree = "<group>";
		};
		DD04E2491C79660500D62587 /* assignment3 */ = {
			isa = PBXGroup;
			children = (
				DD04E24A1C79660500D62587 /* AppDelegate.swift */,
				DD04E24C1C79660500D62587 /* ViewController.swift */,
				DD04E24E1C79660500D62587 /* Main.storyboard */,
				DD04E2511C79660500D62587 /* Assets.xcassets */,
				DD04E2531C79660500D62587 /* LaunchScreen.storyboard */,
				DD04E2561C79660500D62587 /* Info.plist */,
			);
			path = assignment3;
			sourceTree = "<group>";
		};
		DD04E25E1C79660500D62587 /* assignment3Tests */ = {
			isa = PBXGroup;
			children = (
				DD04E25F1C79660500D62587 /* assignment3Tests.swift */,
				DD04E2611C79660500D62587 /* Info.plist */,
			);
			path = assignment3Tests;
			sourceTree = "<group>";
		};
		DD04E2691C79660500D62587 /* assignment3UITests */ = {
			isa = PBXGroup;
			children = (
				DD04E26A1C79660500D62587 /* assignment3UITests.swift */,
				DD04E26C1C79660500D62587 /* Info.plist */,
			);
			path = assignment3UITests;
			sourceTree = "<group>";
		};
/* End PBXGroup section */

/* Begin PBXNativeTarget section */
		DD04E2461C79660500D62587 /* assignment3 */ = {
			isa = PBXNativeTarget;
			buildConfigurationList = DD04E26F1C79660500D62587 /* Build configuration list for PBXNativeTarget "assignment3" */;
			buildPhases = (
				DD04E2431C79660500D62587 /* Sources */,
				DD04E2441C79660500D62587 /* Frameworks */,
				DD04E2451C79660500D62587 /* Resources */,
			);
			buildRules = (
			);
			dependencies = (
			);
			name = assignment3;
			productName = assignment3;
			productReference = DD04E2471C79660500D62587 /* assignment3.app */;
			productType = "com.apple.product-type.application";
		};
		DD04E25A1C79660500D62587 /* assignment3Tests */ = {
			isa = PBXNativeTarget;
			buildConfigurationList = DD04E2721C79660500D62587 /* Build configuration list for PBXNativeTarget "assignment3Tests" */;
			buildPhases = (
				DD04E2571C79660500D62587 /* Sources */,
				DD04E2581C79660500D62587 /* Frameworks */,
				DD04E2591C79660500D62587 /* Resources */,
			);
			buildRules = (
			);
			dependencies = (
				DD04E25D1C79660500D62587 /* PBXTargetDependency */,
			);
			name = assignment3Tests;
			productName = assignment3Tests;
			productReference = DD04E25B1C79660500D62587 /* assignment3Tests.xctest */;
			productType = "com.apple.product-type.bundle.unit-test";
		};
		DD04E2651C79660500D62587 /* assignment3UITests */ = {
			isa = PBXNativeTarget;
			buildConfigurationList = DD04E2751C79660500D62587 /* Build configuration list for PBXNativeTarget "assignment3UITests" */;
			buildPhases = (
				DD04E2621C79660500D62587 /* Sources */,
				DD04E2631C79660500D62587 /* Frameworks */,
				DD04E2641C79660500D62587 /* Resources */,
			);
			buildRules = (
			);
			dependencies = (
				DD04E2681C79660500D62587 /* PBXTargetDependency */,
			);
			name = assignment3UITests;
			productName = assignment3UITests;
			productReference = DD04E2661C79660500D62587 /* assignment3UITests.xctest */;
			productType = "com.apple.product-type.bundle.ui-testing";
		};
/* End PBXNativeTarget section */

/* Begin PBXProject section */
		DD04E23F1C79660500D62587 /* Project object */ = {
			isa = PBXProject;
			attributes = {
				LastSwiftUpdateCheck = 0720;
				LastUpgradeCheck = 0720;
				ORGANIZATIONNAME = codepath;
				TargetAttributes = {
					DD04E2461C79660500D62587 = {
						CreatedOnToolsVersion = 7.2.1;
					};
					DD04E25A1C79660500D62587 = {
						CreatedOnToolsVersion = 7.2.1;
						TestTargetID = DD04E2461C79660500D62587;
					};
					DD04E2651C79660500D62587 = {
						CreatedOnToolsVersion = 7.2.1;
						TestTargetID = DD04E2461C79660500D62587;
					};
				};
			};
			buildConfigurationList = DD04E2421C79660500D62587 /* Build configuration list for PBXProject "assignment3" */;
			compatibilityVersion = "Xcode 3.2";
			developmentRegion = English;
			hasScannedForEncodings = 0;
			knownRegions = (
				en,
				Base,
			);
			mainGroup = DD04E23E1C79660500D62587;
			productRefGroup = DD04E2481C79660500D62587 /* Products */;
			projectDirPath = "";
			projectRoot = "";
			targets = (
				DD04E2461C79660500D62587 /* assignment3 */,
				DD04E25A1C79660500D62587 /* assignment3Tests */,
				DD04E2651C79660500D62587 /* assignment3UITests */,
			);
		};
/* End PBXProject section */

/* Begin PBXResourcesBuildPhase section */
		DD04E2451C79660500D62587 /* Resources */ = {
			isa = PBXResourcesBuildPhase;
			buildActionMask = 2147483647;
			files = (
				DD04E2551C79660500D62587 /* LaunchScreen.storyboard in Resources */,
				DD04E2521C79660500D62587 /* Assets.xcassets in Resources */,
				DD04E2501C79660500D62587 /* Main.storyboard in Resources */,
			);
			runOnlyForDeploymentPostprocessing = 0;
		};
		DD04E2591C79660500D62587 /* Resources */ = {
			isa = PBXResourcesBuildPhase;
			buildActionMask = 2147483647;
			files = (
			);
			runOnlyForDeploymentPostprocessing = 0;
		};
		DD04E2641C79660500D62587 /* Resources */ = {
			isa = PBXResourcesBuildPhase;
			buildActionMask = 2147483647;
			files = (
			);
			runOnlyForDeploymentPostprocessing = 0;
		};
/* End PBXResourcesBuildPhase section */

/* Begin PBXSourcesBuildPhase section */
		DD04E2431C79660500D62587 /* Sources */ = {
			isa = PBXSourcesBuildPhase;
			buildActionMask = 2147483647;
			files = (
				DD04E24D1C79660500D62587 /* ViewController.swift in Sources */,
				DD04E24B1C79660500D62587 /* AppDelegate.swift in Sources */,
			);
			runOnlyForDeploymentPostprocessing = 0;
		};
		DD04E2571C79660500D62587 /* Sources */ = {
			isa = PBXSourcesBuildPhase;
			buildActionMask = 2147483647;
			files = (
				DD04E2601C79660500D62587 /* assignment3Tests.swift in Sources */,
			);
			runOnlyForDeploymentPostprocessing = 0;
		};
		DD04E2621C79660500D62587 /* Sources */ = {
			isa = PBXSourcesBuildPhase;
			buildActionMask = 2147483647;
			files = (
				DD04E26B1C79660500D62587 /* assignment3UITests.swift in Sources */,
			);
			runOnlyForDeploymentPostprocessing = 0;
		};
/* End PBXSourcesBuildPhase section */

/* Begin PBXTargetDependency section */
		DD04E25D1C79660500D62587 /* PBXTargetDependency */ = {
			isa = PBXTargetDependency;
			target = DD04E2461C79660500D62587 /* assignment3 */;
			targetProxy = DD04E25C1C79660500D62587 /* PBXContainerItemProxy */;
		};
		DD04E2681C79660500D62587 /* PBXTargetDependency */ = {
			isa = PBXTargetDependency;
			target = DD04E2461C79660500D62587 /* assignment3 */;
			targetProxy = DD04E2671C79660500D62587 /* PBXContainerItemProxy */;
		};
/* End PBXTargetDependency section */

/* Begin PBXVariantGroup section */
		DD04E24E1C79660500D62587 /* Main.storyboard */ = {
			isa = PBXVariantGroup;
			children = (
				DD04E24F1C79660500D62587 /* Base */,
			);
			name = Main.storyboard;
			sourceTree = "<group>";
		};
		DD04E2531C79660500D62587 /* LaunchScreen.storyboard */ = {
			isa = PBXVariantGroup;
			children = (
				DD04E2541C79660500D62587 /* Base */,
			);
			name = LaunchScreen.storyboard;
			sourceTree = "<group>";
		};
/* End PBXVariantGroup section */

/* Begin XCBuildConfiguration section */
		DD04E26D1C79660500D62587 /* Debug */ = {
			isa = XCBuildConfiguration;
			buildSettings = {
				ALWAYS_SEARCH_USER_PATHS = NO;
				CLANG_CXX_LANGUAGE_STANDARD = "gnu++0x";
				CLANG_CXX_LIBRARY = "libc++";
				CLANG_ENABLE_MODULES = YES;
				CLANG_ENABLE_OBJC_ARC = YES;
				CLANG_WARN_BOOL_CONVERSION = YES;
				CLANG_WARN_CONSTANT_CONVERSION = YES;
				CLANG_WARN_DIRECT_OBJC_ISA_USAGE = YES_ERROR;
				CLANG_WARN_EMPTY_BODY = YES;
				CLANG_WARN_ENUM_CONVERSION = YES;
				CLANG_WARN_INT_CONVERSION = YES;
				CLANG_WARN_OBJC_ROOT_CLASS = YES_ERROR;
				CLANG_WARN_UNREACHABLE_CODE = YES;
				CLANG_WARN__DUPLICATE_METHOD_MATCH = YES;
				"CODE_SIGN_IDENTITY[sdk=iphoneos*]" = "iPhone Developer";
				COPY_PHASE_STRIP = NO;
				DEBUG_INFORMATION_FORMAT = dwarf;
				ENABLE_STRICT_OBJC_MSGSEND = YES;
				ENABLE_TESTABILITY = YES;
				GCC_C_LANGUAGE_STANDARD = gnu99;
				GCC_DYNAMIC_NO_PIC = NO;
				GCC_NO_COMMON_BLOCKS = YES;
				GCC_OPTIMIZATION_LEVEL = 0;
				GCC_PREPROCESSOR_DEFINITIONS = (
					"DEBUG=1",
					"$(inherited)",
				);
				GCC_WARN_64_TO_32_BIT_CONVERSION = YES;
				GCC_WARN_ABOUT_RETURN_TYPE = YES_ERROR;
				GCC_WARN_UNDECLARED_SELECTOR = YES;
				GCC_WARN_UNINITIALIZED_AUTOS = YES_AGGRESSIVE;
				GCC_WARN_UNUSED_FUNCTION = YES;
				GCC_WARN_UNUSED_VARIABLE = YES;
				IPHONEOS_DEPLOYMENT_TARGET = 9.2;
				MTL_ENABLE_DEBUG_INFO = YES;
				ONLY_ACTIVE_ARCH = YES;
				SDKROOT = iphoneos;
				SWIFT_OPTIMIZATION_LEVEL = "-Onone";
			};
			name = Debug;
		};
		DD04E26E1C79660500D62587 /* Release */ = {
			isa = XCBuildConfiguration;
			buildSettings = {
				ALWAYS_SEARCH_USER_PATHS = NO;
				CLANG_CXX_LANGUAGE_STANDARD = "gnu++0x";
				CLANG_CXX_LIBRARY = "libc++";
				CLANG_ENABLE_MODULES = YES;
				CLANG_ENABLE_OBJC_ARC = YES;
				CLANG_WARN_BOOL_CONVERSION = YES;
				CLANG_WARN_CONSTANT_CONVERSION = YES;
				CLANG_WARN_DIRECT_OBJC_ISA_USAGE = YES_ERROR;
				CLANG_WARN_EMPTY_BODY = YES;
				CLANG_WARN_ENUM_CONVERSION = YES;
				CLANG_WARN_INT_CONVERSION = YES;
				CLANG_WARN_OBJC_ROOT_CLASS = YES_ERROR;
				CLANG_WARN_UNREACHABLE_CODE = YES;
				CLANG_WARN__DUPLICATE_METHOD_MATCH = YES;
				"CODE_SIGN_IDENTITY[sdk=iphoneos*]" = "iPhone Developer";
				COPY_PHASE_STRIP = NO;
				DEBUG_INFORMATION_FORMAT = "dwarf-with-dsym";
				ENABLE_NS_ASSERTIONS = NO;
				ENABLE_STRICT_OBJC_MSGSEND = YES;
				GCC_C_LANGUAGE_STANDARD = gnu99;
				GCC_NO_COMMON_BLOCKS = YES;
				GCC_WARN_64_TO_32_BIT_CONVERSION = YES;
				GCC_WARN_ABOUT_RETURN_TYPE = YES_ERROR;
				GCC_WARN_UNDECLARED_SELECTOR = YES;
				GCC_WARN_UNINITIALIZED_AUTOS = YES_AGGRESSIVE;
				GCC_WARN_UNUSED_FUNCTION = YES;
				GCC_WARN_UNUSED_VARIABLE = YES;
				IPHONEOS_DEPLOYMENT_TARGET = 9.2;
				MTL_ENABLE_DEBUG_INFO = NO;
				SDKROOT = iphoneos;
				VALIDATE_PRODUCT = YES;
			};
			name = Release;
		};
		DD04E2701C79660500D62587 /* Debug */ = {
			isa = XCBuildConfiguration;
			buildSettings = {
				ASSETCATALOG_COMPILER_APPICON_NAME = AppIcon;
				INFOPLIST_FILE = assignment3/Info.plist;
				LD_RUNPATH_SEARCH_PATHS = "$(inherited) @executable_path/Frameworks";
				PRODUCT_BUNDLE_IDENTIFIER = com.codepath.assignment3;
				PRODUCT_NAME = "$(TARGET_NAME)";
			};
			name = Debug;
		};
		DD04E2711C79660500D62587 /* Release */ = {
			isa = XCBuildConfiguration;
			buildSettings = {
				ASSETCATALOG_COMPILER_APPICON_NAME = AppIcon;
				INFOPLIST_FILE = assignment3/Info.plist;
				LD_RUNPATH_SEARCH_PATHS = "$(inherited) @executable_path/Frameworks";
				PRODUCT_BUNDLE_IDENTIFIER = com.codepath.assignment3;
				PRODUCT_NAME = "$(TARGET_NAME)";
			};
			name = Release;
		};
		DD04E2731C79660500D62587 /* Debug */ = {
			isa = XCBuildConfiguration;
			buildSettings = {
				BUNDLE_LOADER = "$(TEST_HOST)";
				INFOPLIST_FILE = assignment3Tests/Info.plist;
				LD_RUNPATH_SEARCH_PATHS = "$(inherited) @executable_path/Frameworks @loader_path/Frameworks";
				PRODUCT_BUNDLE_IDENTIFIER = com.codepath.assignment3Tests;
				PRODUCT_NAME = "$(TARGET_NAME)";
				TEST_HOST = "$(BUILT_PRODUCTS_DIR)/assignment3.app/assignment3";
			};
			name = Debug;
		};
		DD04E2741C79660500D62587 /* Release */ = {
			isa = XCBuildConfiguration;
			buildSettings = {
				BUNDLE_LOADER = "$(TEST_HOST)";
				INFOPLIST_FILE = assignment3Tests/Info.plist;
				LD_RUNPATH_SEARCH_PATHS = "$(inherited) @executable_path/Frameworks @loader_path/Frameworks";
				PRODUCT_BUNDLE_IDENTIFIER = com.codepath.assignment3Tests;
				PRODUCT_NAME = "$(TARGET_NAME)";
				TEST_HOST = "$(BUILT_PRODUCTS_DIR)/assignment3.app/assignment3";
			};
			name = Release;
		};
		DD04E2761C79660500D62587 /* Debug */ = {
			isa = XCBuildConfiguration;
			buildSettings = {
				INFOPLIST_FILE = assignment3UITests/Info.plist;
				LD_RUNPATH_SEARCH_PATHS = "$(inherited) @executable_path/Frameworks @loader_path/Frameworks";
				PRODUCT_BUNDLE_IDENTIFIER = com.codepath.assignment3UITests;
				PRODUCT_NAME = "$(TARGET_NAME)";
				TEST_TARGET_NAME = assignment3;
				USES_XCTRUNNER = YES;
			};
			name = Debug;
		};
		DD04E2771C79660500D62587 /* Release */ = {
			isa = XCBuildConfiguration;
			buildSettings = {
				INFOPLIST_FILE = assignment3UITests/Info.plist;
				LD_RUNPATH_SEARCH_PATHS = "$(inherited) @executable_path/Frameworks @loader_path/Frameworks";
				PRODUCT_BUNDLE_IDENTIFIER = com.codepath.assignment3UITests;
				PRODUCT_NAME = "$(TARGET_NAME)";
				TEST_TARGET_NAME = assignment3;
				USES_XCTRUNNER = YES;
			};
			name = Release;
		};
/* End XCBuildConfiguration section */

/* Begin XCConfigurationList section */
		DD04E2421C79660500D62587 /* Build configuration list for PBXProject "assignment3" */ = {
			isa = XCConfigurationList;
			buildConfigurations = (
				DD04E26D1C79660500D62587 /* Debug */,
				DD04E26E1C79660500D62587 /* Release */,
			);
			defaultConfigurationIsVisible = 0;
			defaultConfigurationName = Release;
		};
		DD04E26F1C79660500D62587 /* Build configuration list for PBXNativeTarget "assignment3" */ = {
			isa = XCConfigurationList;
			buildConfigurations = (
				DD04E2701C79660500D62587 /* Debug */,
				DD04E2711C79660500D62587 /* Release */,
			);
			defaultConfigurationIsVisible = 0;
		};
		DD04E2721C79660500D62587 /* Build configuration list for PBXNativeTarget "assignment3Tests" */ = {
			isa = XCConfigurationList;
			buildConfigurations = (
				DD04E2731C79660500D62587 /* Debug */,
				DD04E2741C79660500D62587 /* Release */,
			);
			defaultConfigurationIsVisible = 0;
		};
		DD04E2751C79660500D62587 /* Build configuration list for PBXNativeTarget "assignment3UITests" */ = {
			isa = XCConfigurationList;
			buildConfigurations = (
				DD04E2761C79660500D62587 /* Debug */,
				DD04E2771C79660500D62587 /* Release */,
			);
			defaultConfigurationIsVisible = 0;
		};
/* End XCConfigurationList section */
	};
	rootObject = DD04E23F1C79660500D62587 /* Project object */;
}
